# THIS IS AN AUTOGENERATED FILE. DO NOT EDIT THIS FILE DIRECTLY.
# yarn lockfile v1


"@graphql-typed-document-node/core@^3.2.0":
  version "3.2.0"
  resolved "https://registry.yarnpkg.com/@graphql-typed-document-node/core/-/core-3.2.0.tgz#5f3d96ec6b2354ad6d8a28bf216a1d97b5426861"
  integrity sha512-mB9oAsNCm9aM3/SOv4YtBMqZbYj10R7dkq8byBqxGY/ncFwhf2oQzMV+LCRlWoDSEBJ3COiR1yeDvMtsoOsuFQ==

graphql-request@^7.3.1:
  version "7.3.1"
  resolved "https://registry.yarnpkg.com/graphql-request/-/graphql-request-7.3.1.tgz#bc37771f42ec799713f8c09e995cdcfed8d5bd3a"
  integrity sha512-GdinBsBVYrWzwEvOlzadrV5j8mdOc9ZT8In9QyRIZaxbhkTL08j35yNbPp96jAacYzjeD/hKKy2E2RGI7c7Yug==
  dependencies:
    "@graphql-typed-document-node/core" "^3.2.0"
